<?xml version="1.0" encoding="utf-8"?>
<Project ToolsVersion="4.0" xmlns="http://schemas.microsoft.com/developer/msbuild/2003">
  <ItemGroup>
    <Filter Include="Source Files">
      <UniqueIdentifier>{4FC737F1-C7A5-4376-A066-2A32D752A2FF}</UniqueIdentifier>
      <Extensions>cpp;c;cc;cxx;c++;cppm;ixx;def;odl;idl;hpj;bat;asm;asmx</Extensions>
    </Filter>
    <Filter Include="Header Files">
      <UniqueIdentifier>{93995380-89BD-4b04-88EB-625FBE52EBFB}</UniqueIdentifier>
      <Extensions>h;hh;hpp;hxx;h++;hm;inl;inc;ipp;xsd</Extensions>
    </Filter>
    <Filter Include="Resource Files">
      <UniqueIdentifier>{67DA6AB6-F800-4c08-8B7A-83BB121AAD01}</UniqueIdentifier>
      <Extensions>rc;ico;cur;bmp;dlg;rc2;rct;bin;rgs;gif;jpg;jpeg;jpe;resx;tiff;tif;png;wav;mfcribbon-ms</Extensions>
    </Filter>
  </ItemGroup>
  <ItemGroup>
    <ClCompile Include="Deep Dark.cpp">
      <Filter>Source Files</Filter>
    </ClCompile>
    <ClCompile Include="scripts\systems\StageManager.cpp">
      <Filter>Source Files</Filter>
    </ClCompile>
    <ClCompile Include="scripts\visuals\Button.cpp">
      <Filter>Source Files</Filter>
    </ClCompile>
    <ClCompile Include="scripts\visuals\Animation.cpp">
      <Filter>Source Files</Filter>
    </ClCompile>
    <ClCompile Include="scripts\stage\Base.cpp">
      <Filter>Source Files</Filter>
    </ClCompile>
    <ClCompile Include="scripts\stage\Stage.cpp">
      <Filter>Source Files</Filter>
    </ClCompile>
    <ClCompile Include="scripts\stage\Surge.cpp">
      <Filter>Source Files</Filter>
    </ClCompile>
    <ClCompile Include="scripts\stage\Unit.cpp">
      <Filter>Source Files</Filter>
    </ClCompile>
    <ClCompile Include="scripts\stage\BaseCannon.cpp">
      <Filter>Source Files</Filter>
    </ClCompile>
    <ClCompile Include="scripts\stage\Trap.cpp">
      <Filter>Source Files</Filter>
    </ClCompile>
    <ClCompile Include="scripts\stage\ActionObject.cpp">
      <Filter>Source Files</Filter>
    </ClCompile>
    <ClCompile Include="scripts\systems\Camera.cpp">
      <Filter>Source Files</Filter>
    </ClCompile>
    <ClCompile Include="scripts\systems\Observer.cpp">
      <Filter>Source Files</Filter>
    </ClCompile>
    <ClCompile Include="scripts\menus\StageUI.cpp">
      <Filter>Source Files</Filter>
    </ClCompile>
  </ItemGroup>
  <ItemGroup>
    <ClInclude Include="scripts\systems\StageManager.h">
      <Filter>Header Files</Filter>
    </ClInclude>
    <ClInclude Include="scripts\visuals\Button.h">
      <Filter>Header Files</Filter>
    </ClInclude>
    <ClInclude Include="scripts\systems\ButtonManager.h">
      <Filter>Header Files</Filter>
    </ClInclude>
    <ClInclude Include="scripts\systems\Loadout.h">
      <Filter>Header Files</Filter>
    </ClInclude>
    <ClInclude Include="scripts\systems\Tween.h">
      <Filter>Header Files</Filter>
    </ClInclude>
    <ClInclude Include="scripts\visuals\Animation.h">
      <Filter>Header Files</Filter>
    </ClInclude>
    <ClInclude Include="scripts\stage\Base.h">
      <Filter>Header Files</Filter>
    </ClInclude>
    <ClInclude Include="scripts\stage\Lane.h">
      <Filter>Header Files</Filter>
    </ClInclude>
    <ClInclude Include="scripts\stage\Stage.h">
      <Filter>Header Files</Filter>
    </ClInclude>
    <ClInclude Include="scripts\stage\StatusEffect.h">
      <Filter>Header Files</Filter>
    </ClInclude>
    <ClInclude Include="scripts\stage\Surge.h">
      <Filter>Header Files</Filter>
    </ClInclude>
    <ClInclude Include="scripts\stage\Teleporter.h">
      <Filter>Header Files</Filter>
    </ClInclude>
    <ClInclude Include="scripts\stage\Unit.h">
      <Filter>Header Files</Filter>
    </ClInclude>
    <ClInclude Include="scripts\stage\UnitData.h">
      <Filter>Header Files</Filter>
    </ClInclude>
    <ClInclude Include="scripts\misc\UnitEnums.h">
      <Filter>Header Files</Filter>
    </ClInclude>
    <ClInclude Include="scripts\utilities\Easing.hpp">
      <Filter>Header Files</Filter>
    </ClInclude>
    <ClInclude Include="scripts\misc\json.hpp">
      <Filter>Header Files</Filter>
    </ClInclude>
    <ClInclude Include="scripts\stage\BaseCannon.h">
      <Filter>Header Files</Filter>
    </ClInclude>
    <ClInclude Include="scripts\stage\Trap.h">
      <Filter>Header Files</Filter>
    </ClInclude>
    <ClInclude Include="scripts\stage\ActionObject.h">
      <Filter>Header Files</Filter>
    </ClInclude>
    <ClInclude Include="scripts\systems\StageRecord.h">
      <Filter>Header Files</Filter>
    </ClInclude>
    <ClInclude Include="scripts\systems\Camera.h">
      <Filter>Header Files</Filter>
    </ClInclude>
    <ClInclude Include="scripts\utilities\Bounds.h">
      <Filter>Header Files</Filter>
    </ClInclude>
    <ClInclude Include="scripts\misc\ChallengeTypes.h">
      <Filter>Header Files</Filter>
    </ClInclude>
    <ClInclude Include="scripts\systems\Observer.h">
      <Filter>Header Files</Filter>
    </ClInclude>
    <ClInclude Include="scripts\menus\Menu.h">
      <Filter>Header Files</Filter>
    </ClInclude>
    <ClInclude Include="scripts\utilities\UILayout.h">
      <Filter>Header Files</Filter>
    </ClInclude>
    <ClInclude Include="scripts\menus\StageUI.h">
      <Filter>Header Files</Filter>
    </ClInclude>
  </ItemGroup>
  <ItemGroup>
    <None Include="data\stage data\stage 1.json" />
    <None Include="data\enemy units\droid 2\droid2.json" />
    <None Include="data\base data\enemy bases\orbitral base\orbital base.json" />
    <None Include="configs\base _data\player_bases\p_wave_base.json" />
    <None Include="configs\enemy_units\mushroom\mushroom.json" />
    <None Include="configs\enemy_units\drone\drone.json" />
    <None Include="configs\player_units\archdemon\archdemon.json" />
  </ItemGroup>
</Project>