<?xml version="1.0" encoding="utf-8"?>
<Project ToolsVersion="4.0" xmlns="http://schemas.microsoft.com/developer/msbuild/2003">
  <ItemGroup>
    <Filter Include="Source Files">
      <UniqueIdentifier>{4FC737F1-C7A5-4376-A066-2A32D752A2FF}</UniqueIdentifier>
      <Extensions>cpp;c;cc;cxx;c++;cppm;ixx;def;odl;idl;hpj;bat;asm;asmx</Extensions>
    </Filter>
    <Filter Include="Header Files">
      <UniqueIdentifier>{93995380-89BD-4b04-88EB-625FBE52EBFB}</UniqueIdentifier>
      <Extensions>h;hh;hpp;hxx;h++;hm;inl;inc;ipp;xsd</Extensions>
    </Filter>
    <Filter Include="Resource Files">
      <UniqueIdentifier>{67DA6AB6-F800-4c08-8B7A-83BB121AAD01}</UniqueIdentifier>
      <Extensions>rc;ico;cur;bmp;dlg;rc2;rct;bin;rgs;gif;jpg;jpeg;jpe;resx;tiff;tif;png;wav;mfcribbon-ms</Extensions>
    </Filter>
  </ItemGroup>
  <ItemGroup>
    <ClCompile Include="Deep Dark.cpp">
      <Filter>Source Files</Filter>
    </ClCompile>
    <ClCompile Include="source\game_states\MainMenusGameState.cpp">
      <Filter>Source Files</Filter>
    </ClCompile>
    <ClCompile Include="source\game_states\PreparationState.cpp">
      <Filter>Source Files</Filter>
    </ClCompile>
    <ClCompile Include="source\game_states\StageGameState.cpp">
      <Filter>Source Files</Filter>
    </ClCompile>
    <ClCompile Include="game_saves\SaveSystem.cpp">
      <Filter>Source Files</Filter>
    </ClCompile>
    <ClCompile Include="source\menus\ArmoryMenu.cpp">
      <Filter>Source Files</Filter>
    </ClCompile>
    <ClCompile Include="source\menus\StageSelect.cpp">
      <Filter>Source Files</Filter>
    </ClCompile>
    <ClCompile Include="source\menus\StageUI.cpp">
      <Filter>Source Files</Filter>
    </ClCompile>
    <ClCompile Include="source\menus\StartMenu.cpp">
      <Filter>Source Files</Filter>
    </ClCompile>
    <ClCompile Include="source\stage\entities\Spawners.cpp">
      <Filter>Source Files</Filter>
    </ClCompile>
    <ClCompile Include="source\stage\entities\Base.cpp">
      <Filter>Source Files</Filter>
    </ClCompile>
    <ClCompile Include="source\stage\entities\BaseCannon.cpp">
      <Filter>Source Files</Filter>
    </ClCompile>
    <ClCompile Include="source\stage\Stage.cpp">
      <Filter>Source Files</Filter>
    </ClCompile>
    <ClCompile Include="source\stage\entities\Surge.cpp">
      <Filter>Source Files</Filter>
    </ClCompile>
    <ClCompile Include="source\stage\entities\Trap.cpp">
      <Filter>Source Files</Filter>
    </ClCompile>
    <ClCompile Include="source\stage\unit\Unit.cpp">
      <Filter>Source Files</Filter>
    </ClCompile>
    <ClCompile Include="source\systems\Camera.cpp">
      <Filter>Source Files</Filter>
    </ClCompile>
    <ClCompile Include="source\systems\Observer.cpp">
      <Filter>Source Files</Filter>
    </ClCompile>
    <ClCompile Include="source\stage\StageManager.cpp">
      <Filter>Source Files</Filter>
    </ClCompile>
    <ClCompile Include="source\systems\StateManager.cpp">
      <Filter>Source Files</Filter>
    </ClCompile>
    <ClCompile Include="source\stage\unit\UnitData.cpp">
      <Filter>Source Files</Filter>
    </ClCompile>
    <ClCompile Include="source\visuals\Animation.cpp">
      <Filter>Source Files</Filter>
    </ClCompile>
    <ClCompile Include="source\visuals\Button.cpp">
      <Filter>Source Files</Filter>
    </ClCompile>
    <ClCompile Include="source\stage\entities\Projectile.cpp">
      <Filter>Source Files</Filter>
    </ClCompile>
    <ClCompile Include="source\stage\mechanics\ProjectileData.cpp">
      <Filter>Source Files</Filter>
    </ClCompile>
    <ClCompile Include="source\stage\mechanics\Augment.cpp">
      <Filter>Source Files</Filter>
    </ClCompile>
    <ClCompile Include="source\utilities\Pathing.cpp">
      <Filter>Source Files</Filter>
    </ClCompile>
    <ClCompile Include="source\systems\TextureManager.cpp">
      <Filter>Source Files</Filter>
    </ClCompile>
    <ClCompile Include="source\menus\WorkshopMenu.cpp">
      <Filter>Source Files</Filter>
    </ClCompile>
    <ClCompile Include="source\stage\unit\UnitStatus.cpp">
      <Filter>Source Files</Filter>
    </ClCompile>
    <ClCompile Include="source\stage\unit\UnitMovement.cpp">
      <Filter>Source Files</Filter>
    </ClCompile>
    <ClCompile Include="source\stage\unit\UnitAnimation.cpp">
      <Filter>Source Files</Filter>
    </ClCompile>
    <ClCompile Include="source\stage\unit\UnitCombat.cpp">
      <Filter>Source Files</Filter>
    </ClCompile>
    <ClCompile Include="source\stage\entities\Teleporter.cpp">
      <Filter>Source Files</Filter>
    </ClCompile>
    <ClCompile Include="source\menus\StageSetMenu.cpp">
      <Filter>Source Files</Filter>
    </ClCompile>
    <ClCompile Include="source\visuals\Slider.cpp">
      <Filter>Source Files</Filter>
    </ClCompile>
    <ClCompile Include="source\menus\Menu.cpp">
      <Filter>Source Files</Filter>
    </ClCompile>
    <ClCompile Include="source\stage\mechanics\Lane.cpp">
      <Filter>Source Files</Filter>
    </ClCompile>
    <ClCompile Include="source\utilities\pch.cpp">
      <Filter>Source Files</Filter>
    </ClCompile>
    <ClCompile Include="source\stage\entities\StageEntity.cpp">
      <Filter>Source Files</Filter>
    </ClCompile>
    <ClCompile Include="source\stage\Loadout.cpp">
      <Filter>Source Files</Filter>
    </ClCompile>
    <ClCompile Include="source\stage\unit\UnitTween.cpp">
      <Filter>Source Files</Filter>
    </ClCompile>
    <ClCompile Include="source\stage\mechanics\StageRestrictions.cpp">
      <Filter>Source Files</Filter>
    </ClCompile>
    <ClCompile Include="source\visuals\ArmorySlot.cpp">
      <Filter>Source Files</Filter>
    </ClCompile>
    <ClCompile Include="source\stage\mechanics\StageChallenge.cpp">
      <Filter>Source Files</Filter>
    </ClCompile>
    <ClCompile Include="source\visuals\textures\EntityTextures.cpp">
      <Filter>Source Files</Filter>
    </ClCompile>
    <ClCompile Include="source\visuals\textures\UITextures.cpp">
      <Filter>Source Files</Filter>
    </ClCompile>
    <ClCompile Include="source\visuals\textures\BaseTextures.cpp">
      <Filter>Source Files</Filter>
    </ClCompile>
    <ClCompile Include="source\visuals\textures\EffectTextures.cpp">
      <Filter>Source Files</Filter>
    </ClCompile>
  </ItemGroup>
  <ItemGroup>
    <ClInclude Include="include\game_states\GameState.h">
      <Filter>Header Files</Filter>
    </ClInclude>
    <ClInclude Include="include\game_states\MainMenusGameState.h">
      <Filter>Header Files</Filter>
    </ClInclude>
    <ClInclude Include="include\game_states\PreparationState.h">
      <Filter>Header Files</Filter>
    </ClInclude>
    <ClInclude Include="include\game_states\StageGameState.h">
      <Filter>Header Files</Filter>
    </ClInclude>
    <ClInclude Include="include\menus\ArmoryMenu.h">
      <Filter>Header Files</Filter>
    </ClInclude>
    <ClInclude Include="include\menus\Menu.h">
      <Filter>Header Files</Filter>
    </ClInclude>
    <ClInclude Include="include\menus\StageSelect.h">
      <Filter>Header Files</Filter>
    </ClInclude>
    <ClInclude Include="include\menus\StageUI.h">
      <Filter>Header Files</Filter>
    </ClInclude>
    <ClInclude Include="include\menus\StartMenu.h">
      <Filter>Header Files</Filter>
    </ClInclude>
    <ClInclude Include="include\systems\Tween.h">
      <Filter>Header Files</Filter>
    </ClInclude>
    <ClInclude Include="include\systems\ButtonManager.h">
      <Filter>Header Files</Filter>
    </ClInclude>
    <ClInclude Include="include\systems\Camera.h">
      <Filter>Header Files</Filter>
    </ClInclude>
    <ClInclude Include="include\stage\Loadout.h">
      <Filter>Header Files</Filter>
    </ClInclude>
    <ClInclude Include="include\stage\StageManager.h">
      <Filter>Header Files</Filter>
    </ClInclude>
    <ClInclude Include="include\stage\StageRecord.h">
      <Filter>Header Files</Filter>
    </ClInclude>
    <ClInclude Include="include\systems\StateManager.h">
      <Filter>Header Files</Filter>
    </ClInclude>
    <ClInclude Include="include\systems\TextureManager.h">
      <Filter>Header Files</Filter>
    </ClInclude>
    <ClInclude Include="include\stage\entities\Spawners.h">
      <Filter>Header Files</Filter>
    </ClInclude>
    <ClInclude Include="include\stage\entities\Base.h">
      <Filter>Header Files</Filter>
    </ClInclude>
    <ClInclude Include="include\stage\entities\BaseCannon.h">
      <Filter>Header Files</Filter>
    </ClInclude>
    <ClInclude Include="include\stage\mechanics\Lane.h">
      <Filter>Header Files</Filter>
    </ClInclude>
    <ClInclude Include="include\stage\Stage.h">
      <Filter>Header Files</Filter>
    </ClInclude>
    <ClInclude Include="include\stage\mechanics\StatusEffect.h">
      <Filter>Header Files</Filter>
    </ClInclude>
    <ClInclude Include="include\stage\entities\Surge.h">
      <Filter>Header Files</Filter>
    </ClInclude>
    <ClInclude Include="include\stage\entities\Teleporter.h">
      <Filter>Header Files</Filter>
    </ClInclude>
    <ClInclude Include="include\stage\entities\Trap.h">
      <Filter>Header Files</Filter>
    </ClInclude>
    <ClInclude Include="include\stage\unit\Unit.h">
      <Filter>Header Files</Filter>
    </ClInclude>
    <ClInclude Include="include\enums\UnitEnums.h">
      <Filter>Header Files</Filter>
    </ClInclude>
    <ClInclude Include="include\enums\ChallengeTypes.h">
      <Filter>Header Files</Filter>
    </ClInclude>
    <ClInclude Include="include\utilities\json.hpp">
      <Filter>Header Files</Filter>
    </ClInclude>
    <ClInclude Include="include\utilities\UILayout.h">
      <Filter>Header Files</Filter>
    </ClInclude>
    <ClInclude Include="include\utilities\Bounds.h">
      <Filter>Header Files</Filter>
    </ClInclude>
    <ClInclude Include="include\utilities\Easing.hpp">
      <Filter>Header Files</Filter>
    </ClInclude>
    <ClInclude Include="include\visuals\Animation.h">
      <Filter>Header Files</Filter>
    </ClInclude>
    <ClInclude Include="include\visuals\Button.h">
      <Filter>Header Files</Filter>
    </ClInclude>
    <ClInclude Include="game_saves\SaveSystem.h">
      <Filter>Header Files</Filter>
    </ClInclude>
    <ClInclude Include="include\systems\Observer.h">
      <Filter>Header Files</Filter>
    </ClInclude>
    <ClInclude Include="include\stage\entities\Projectile.h">
      <Filter>Header Files</Filter>
    </ClInclude>
    <ClInclude Include="include\stage\mechanics\ProjectileData.h">
      <Filter>Header Files</Filter>
    </ClInclude>
    <ClInclude Include="include\stage\unit\UnitData.h">
      <Filter>Header Files</Filter>
    </ClInclude>
    <ClInclude Include="include\stage\mechanics\Augment.h">
      <Filter>Header Files</Filter>
    </ClInclude>
    <ClInclude Include="include\utilities\Pathing.h">
      <Filter>Header Files</Filter>
    </ClInclude>
    <ClInclude Include="include\visuals\Slider.h">
      <Filter>Header Files</Filter>
    </ClInclude>
    <ClInclude Include="include\visuals\ArmorySlot.h">
      <Filter>Header Files</Filter>
    </ClInclude>
    <ClInclude Include="include\menus\WorkshopMenu.h">
      <Filter>Header Files</Filter>
    </ClInclude>
    <ClInclude Include="include\visuals\MouseCursor.h">
      <Filter>Header Files</Filter>
    </ClInclude>
    <ClInclude Include="include\stage\unit\UnitStatus.h">
      <Filter>Header Files</Filter>
    </ClInclude>
    <ClInclude Include="include\utilities\Utils.h">
      <Filter>Header Files</Filter>
    </ClInclude>
    <ClInclude Include="include\stage\unit\UnitMovement.h">
      <Filter>Header Files</Filter>
    </ClInclude>
    <ClInclude Include="include\stage\unit\UnitAnimation.h">
      <Filter>Header Files</Filter>
    </ClInclude>
    <ClInclude Include="include\stage\unit\UnitCombat.h">
      <Filter>Header Files</Filter>
    </ClInclude>
    <ClInclude Include="include\stage\entities\StageEntity.h">
      <Filter>Header Files</Filter>
    </ClInclude>
    <ClInclude Include="include\stage\mechanics\StageWallet.h">
      <Filter>Header Files</Filter>
    </ClInclude>
    <ClInclude Include="include\menus\StageSetMenu.h">
      <Filter>Header Files</Filter>
    </ClInclude>
    <ClInclude Include="include\utilities\pch.h">
      <Filter>Header Files</Filter>
    </ClInclude>
    <ClInclude Include="include\utilities\json_fwd.hpp">
      <Filter>Header Files</Filter>
    </ClInclude>
    <ClInclude Include="include\utilities\CustomErrors.hpp">
      <Filter>Header Files</Filter>
    </ClInclude>
    <ClInclude Include="include\stage\unit\UnitTween.h">
      <Filter>Header Files</Filter>
    </ClInclude>
    <ClInclude Include="include\stage\mechanics\UnitMoveRequest.h">
      <Filter>Header Files</Filter>
    </ClInclude>
    <ClInclude Include="include\enums\AugmentTypes.h">
      <Filter>Header Files</Filter>
    </ClInclude>
    <ClInclude Include="include\stage\mechanics\StageRestrictions.h">
      <Filter>Header Files</Filter>
    </ClInclude>
    <ClInclude Include="include\stage\mechanics\StageChallenge.h">
      <Filter>Header Files</Filter>
    </ClInclude>
    <ClInclude Include="include\visuals\textures\EntityTextures.h">
      <Filter>Header Files</Filter>
    </ClInclude>
    <ClInclude Include="include\visuals\textures\UITextures.h">
      <Filter>Header Files</Filter>
    </ClInclude>
    <ClInclude Include="include\visuals\textures\BaseTextures.h">
      <Filter>Header Files</Filter>
    </ClInclude>
    <ClInclude Include="include\visuals\textures\EffectTextures.h">
      <Filter>Header Files</Filter>
    </ClInclude>
    <ClInclude Include="include\stage\unit\UnitDataConstants.h">
      <Filter>Header Files</Filter>
    </ClInclude>
    <ClInclude Include="include\enums\AnimationEvent.h">
      <Filter>Header Files</Filter>
    </ClInclude>
    <ClInclude Include="include\enums\EnumFunctions.h">
      <Filter>Header Files</Filter>
    </ClInclude>
  </ItemGroup>
  <ItemGroup>
    <None Include="configs\base _data\player_bases\p_wave_base.json" />
    <None Include="configs\unit_data\1\gear1\unit_data.json" />
    <None Include="game_saves\stage_save.json" />
    <None Include="game_saves\unit_save.json" />
    <None Include="configs\proj_data\0\proj_data.json" />
    <None Include="configs\base data\enemy bases\orbitral base\orbital base.json" />
    <None Include="configs\unit_data\101\gear1\unit_data.json" />
    <None Include="configs\stage data\stage 1.json" />
    <None Include="configs\unit_data\unit_data_TEMPLATE.json" />
    <None Include="configs\unit_data\103\gear2\unit_data.json" />
    <None Include="configs\unit_data\103\gear1\unit_data.json" />
    <None Include="configs\unit_data\105\gear1\unit_data.json" />
    <None Include="configs\unit_data\104\gear1\unit_data.json" />
    <None Include="configs\unit_data\6\gear1\unit_data.json" />
    <None Include="configs\unit_data\5\gear1\unit_data.json" />
    <None Include="configs\unit_data\2\gear1\unit_data.json" />
    <None Include="configs\unit_data\4\gear1\unit_data.json" />
    <None Include="configs\unit_data\3\gear1\unit_data.json" />
  </ItemGroup>
</Project>